
Microsoft Visual Studio Solution File, Format Version 12.00
# Visual Studio Version 16
VisualStudioVersion = 16.0.31005.135
MinimumVisualStudioVersion = 15.0.26124.0
Project("{2150E333-8FDC-42A3-9474-1A3956D46DE8}") = "source", "source", "{4BF03D11-5C7C-4279-9BAF-FEBF7F2F318D}"
EndProject
Project("{2150E333-8FDC-42A3-9474-1A3956D46DE8}") = "dev", "dev", "{2B38A21E-507C-4FB2-9AB1-C436630894A5}"
EndProject
Project("{9A19103F-16F7-4668-BE54-9A1E7A4F7556}") = "CGAlertNoticeService", "source\dev\CGAlertNoticeService\CGAlertNoticeService.csproj", "{70F52B42-E7E5-474E-8760-BFD0041DD1D6}"
EndProject
Project("{2150E333-8FDC-42A3-9474-1A3956D46DE8}") = "test", "test", "{25BC8493-21AF-43F8-A2CB-AEDC64922ADF}"
EndProject
Project("{9A19103F-16F7-4668-BE54-9A1E7A4F7556}") = "CGAlertNoticeService.Tests", "source\test\CGAlertNoticeService.Tests\CGAlertNoticeService.Tests.csproj", "{3FC7FFC7-E145-467A-8F11-32A01ED16A09}"
EndProject
Project("{9A19103F-16F7-4668-BE54-9A1E7A4F7556}") = "DatabaseService", "source\dev\DatabaseService\DatabaseService.csproj", "{22F5A3C2-43B7-4190-BAEB-61E32378261E}"
EndProject
Project("{9A19103F-16F7-4668-BE54-9A1E7A4F7556}") = "SystemAPI", "source\dev\SystemAPI\SystemAPI.csproj", "{7BFA78E5-10C3-4C95-8FDA-887E52BD8DA9}"
EndProject
Project("{FAE04EC0-301F-11D3-BF4B-00C04F79EFBC}") = "SystemAPI.Tests", "SystemAPI.Tests\SystemAPI.Tests.csproj", "{C2C2E6F4-EDE6-4A82-B2B8-73E3C2BF9742}"
EndProject
Global
	GlobalSection(SolutionConfigurationPlatforms) = preSolution
		Debug|Any CPU = Debug|Any CPU
		Debug|x64 = Debug|x64
		Debug|x86 = Debug|x86
		Release|Any CPU = Release|Any CPU
		Release|x64 = Release|x64
		Release|x86 = Release|x86
	EndGlobalSection
	GlobalSection(ProjectConfigurationPlatforms) = postSolution
		{70F52B42-E7E5-474E-8760-BFD0041DD1D6}.Debug|Any CPU.ActiveCfg = Debug|Any CPU
		{70F52B42-E7E5-474E-8760-BFD0041DD1D6}.Debug|Any CPU.Build.0 = Debug|Any CPU
		{70F52B42-E7E5-474E-8760-BFD0041DD1D6}.Debug|x64.ActiveCfg = Debug|Any CPU
		{70F52B42-E7E5-474E-8760-BFD0041DD1D6}.Debug|x64.Build.0 = Debug|Any CPU
		{70F52B42-E7E5-474E-8760-BFD0041DD1D6}.Debug|x86.ActiveCfg = Debug|Any CPU
		{70F52B42-E7E5-474E-8760-BFD0041DD1D6}.Debug|x86.Build.0 = Debug|Any CPU
		{70F52B42-E7E5-474E-8760-BFD0041DD1D6}.Release|Any CPU.ActiveCfg = Release|Any CPU
		{70F52B42-E7E5-474E-8760-BFD0041DD1D6}.Release|Any CPU.Build.0 = Release|Any CPU
		{70F52B42-E7E5-474E-8760-BFD0041DD1D6}.Release|x64.ActiveCfg = Release|Any CPU
		{70F52B42-E7E5-474E-8760-BFD0041DD1D6}.Release|x64.Build.0 = Release|Any CPU
		{70F52B42-E7E5-474E-8760-BFD0041DD1D6}.Release|x86.ActiveCfg = Release|Any CPU
		{70F52B42-E7E5-474E-8760-BFD0041DD1D6}.Release|x86.Build.0 = Release|Any CPU
		{3FC7FFC7-E145-467A-8F11-32A01ED16A09}.Debug|Any CPU.ActiveCfg = Debug|Any CPU
		{3FC7FFC7-E145-467A-8F11-32A01ED16A09}.Debug|Any CPU.Build.0 = Debug|Any CPU
		{3FC7FFC7-E145-467A-8F11-32A01ED16A09}.Debug|x64.ActiveCfg = Debug|Any CPU
		{3FC7FFC7-E145-467A-8F11-32A01ED16A09}.Debug|x64.Build.0 = Debug|Any CPU
		{3FC7FFC7-E145-467A-8F11-32A01ED16A09}.Debug|x86.ActiveCfg = Debug|Any CPU
		{3FC7FFC7-E145-467A-8F11-32A01ED16A09}.Debug|x86.Build.0 = Debug|Any CPU
		{3FC7FFC7-E145-467A-8F11-32A01ED16A09}.Release|Any CPU.ActiveCfg = Release|Any CPU
		{3FC7FFC7-E145-467A-8F11-32A01ED16A09}.Release|Any CPU.Build.0 = Release|Any CPU
		{3FC7FFC7-E145-467A-8F11-32A01ED16A09}.Release|x64.ActiveCfg = Release|Any CPU
		{3FC7FFC7-E145-467A-8F11-32A01ED16A09}.Release|x64.Build.0 = Release|Any CPU
		{3FC7FFC7-E145-467A-8F11-32A01ED16A09}.Release|x86.ActiveCfg = Release|Any CPU
		{3FC7FFC7-E145-467A-8F11-32A01ED16A09}.Release|x86.Build.0 = Release|Any CPU
		{22F5A3C2-43B7-4190-BAEB-61E32378261E}.Debug|Any CPU.ActiveCfg = Debug|Any CPU
		{22F5A3C2-43B7-4190-BAEB-61E32378261E}.Debug|Any CPU.Build.0 = Debug|Any CPU
		{22F5A3C2-43B7-4190-BAEB-61E32378261E}.Debug|x64.ActiveCfg = Debug|Any CPU
		{22F5A3C2-43B7-4190-BAEB-61E32378261E}.Debug|x64.Build.0 = Debug|Any CPU
		{22F5A3C2-43B7-4190-BAEB-61E32378261E}.Debug|x86.ActiveCfg = Debug|Any CPU
		{22F5A3C2-43B7-4190-BAEB-61E32378261E}.Debug|x86.Build.0 = Debug|Any CPU
		{22F5A3C2-43B7-4190-BAEB-61E32378261E}.Release|Any CPU.ActiveCfg = Release|Any CPU
		{22F5A3C2-43B7-4190-BAEB-61E32378261E}.Release|Any CPU.Build.0 = Release|Any CPU
		{22F5A3C2-43B7-4190-BAEB-61E32378261E}.Release|x64.ActiveCfg = Release|Any CPU
		{22F5A3C2-43B7-4190-BAEB-61E32378261E}.Release|x64.Build.0 = Release|Any CPU
		{22F5A3C2-43B7-4190-BAEB-61E32378261E}.Release|x86.ActiveCfg = Release|Any CPU
		{22F5A3C2-43B7-4190-BAEB-61E32378261E}.Release|x86.Build.0 = Release|Any CPU
		{7BFA78E5-10C3-4C95-8FDA-887E52BD8DA9}.Debug|Any CPU.ActiveCfg = Debug|Any CPU
		{7BFA78E5-10C3-4C95-8FDA-887E52BD8DA9}.Debug|Any CPU.Build.0 = Debug|Any CPU
		{7BFA78E5-10C3-4C95-8FDA-887E52BD8DA9}.Debug|x64.ActiveCfg = Debug|Any CPU
		{7BFA78E5-10C3-4C95-8FDA-887E52BD8DA9}.Debug|x64.Build.0 = Debug|Any CPU
		{7BFA78E5-10C3-4C95-8FDA-887E52BD8DA9}.Debug|x86.ActiveCfg = Debug|Any CPU
		{7BFA78E5-10C3-4C95-8FDA-887E52BD8DA9}.Debug|x86.Build.0 = Debug|Any CPU
		{7BFA78E5-10C3-4C95-8FDA-887E52BD8DA9}.Release|Any CPU.ActiveCfg = Release|Any CPU
		{7BFA78E5-10C3-4C95-8FDA-887E52BD8DA9}.Release|Any CPU.Build.0 = Release|Any CPU
		{7BFA78E5-10C3-4C95-8FDA-887E52BD8DA9}.Release|x64.ActiveCfg = Release|Any CPU
		{7BFA78E5-10C3-4C95-8FDA-887E52BD8DA9}.Release|x64.Build.0 = Release|Any CPU
		{7BFA78E5-10C3-4C95-8FDA-887E52BD8DA9}.Release|x86.ActiveCfg = Release|Any CPU
		{7BFA78E5-10C3-4C95-8FDA-887E52BD8DA9}.Release|x86.Build.0 = Release|Any CPU
		{C2C2E6F4-EDE6-4A82-B2B8-73E3C2BF9742}.Debug|Any CPU.ActiveCfg = Debug|Any CPU
		{C2C2E6F4-EDE6-4A82-B2B8-73E3C2BF9742}.Debug|Any CPU.Build.0 = Debug|Any CPU
		{C2C2E6F4-EDE6-4A82-B2B8-73E3C2BF9742}.Debug|x64.ActiveCfg = Debug|Any CPU
		{C2C2E6F4-EDE6-4A82-B2B8-73E3C2BF9742}.Debug|x64.Build.0 = Debug|Any CPU
		{C2C2E6F4-EDE6-4A82-B2B8-73E3C2BF9742}.Debug|x86.ActiveCfg = Debug|Any CPU
		{C2C2E6F4-EDE6-4A82-B2B8-73E3C2BF9742}.Debug|x86.Build.0 = Debug|Any CPU
		{C2C2E6F4-EDE6-4A82-B2B8-73E3C2BF9742}.Release|Any CPU.ActiveCfg = Release|Any CPU
		{C2C2E6F4-EDE6-4A82-B2B8-73E3C2BF9742}.Release|Any CPU.Build.0 = Release|Any CPU
		{C2C2E6F4-EDE6-4A82-B2B8-73E3C2BF9742}.Release|x64.ActiveCfg = Release|Any CPU
		{C2C2E6F4-EDE6-4A82-B2B8-73E3C2BF9742}.Release|x64.Build.0 = Release|Any CPU
		{C2C2E6F4-EDE6-4A82-B2B8-73E3C2BF9742}.Release|x86.ActiveCfg = Release|Any CPU
		{C2C2E6F4-EDE6-4A82-B2B8-73E3C2BF9742}.Release|x86.Build.0 = Release|Any CPU
	EndGlobalSection
	GlobalSection(SolutionProperties) = preSolution
		HideSolutionNode = FALSE
	EndGlobalSection
	GlobalSection(NestedProjects) = preSolution
		{2B38A21E-507C-4FB2-9AB1-C436630894A5} = {4BF03D11-5C7C-4279-9BAF-FEBF7F2F318D}
		{70F52B42-E7E5-474E-8760-BFD0041DD1D6} = {2B38A21E-507C-4FB2-9AB1-C436630894A5}
		{25BC8493-21AF-43F8-A2CB-AEDC64922ADF} = {4BF03D11-5C7C-4279-9BAF-FEBF7F2F318D}
		{3FC7FFC7-E145-467A-8F11-32A01ED16A09} = {25BC8493-21AF-43F8-A2CB-AEDC64922ADF}
		{22F5A3C2-43B7-4190-BAEB-61E32378261E} = {2B38A21E-507C-4FB2-9AB1-C436630894A5}
		{7BFA78E5-10C3-4C95-8FDA-887E52BD8DA9} = {2B38A21E-507C-4FB2-9AB1-C436630894A5}
		{C2C2E6F4-EDE6-4A82-B2B8-73E3C2BF9742} = {25BC8493-21AF-43F8-A2CB-AEDC64922ADF}
	EndGlobalSection
	GlobalSection(ExtensibilityGlobals) = postSolution
		SolutionGuid = {ACC13F21-392D-4627-B0C6-7E0CFBBCDAED}
	EndGlobalSection
EndGlobal
